
Microsoft Visual Studio Solution File, Format Version 12.00
# Visual Studio Version 17
VisualStudioVersion = 17.10.35004.147
MinimumVisualStudioVersion = 10.0.40219.1
Project("{F184B08F-C81C-45F6-A57F-5ABD9991F28F}") = "SlidelyAITASK2", "SlidelyAITASK2.vbproj", "{EC4B3418-9EE3-4C03-991C-244F498A26B1}"
EndProject
Global
	GlobalSection(SolutionConfigurationPlatforms) = preSolution
		Debug|Any CPU = Debug|Any CPU
		Release|Any CPU = Release|Any CPU
	EndGlobalSection
	GlobalSection(ProjectConfigurationPlatforms) = postSolution
		{EC4B3418-9EE3-4C03-991C-244F498A26B1}.Debug|Any CPU.ActiveCfg = Debug|Any CPU
		{EC4B3418-9EE3-4C03-991C-244F498A26B1}.Debug|Any CPU.Build.0 = Debug|Any CPU
		{EC4B3418-9EE3-4C03-991C-244F498A26B1}.Release|Any CPU.ActiveCfg = Release|Any CPU
		{EC4B3418-9EE3-4C03-991C-244F498A26B1}.Release|Any CPU.Build.0 = Release|Any CPU
	EndGlobalSection
	GlobalSection(SolutionProperties) = preSolution
		HideSolutionNode = FALSE
	EndGlobalSection
	GlobalSection(ExtensibilityGlobals) = postSolution
		SolutionGuid = {5FE5D57F-E4F6-4DD1-9218-320FC1A34D4A}
	EndGlobalSection
EndGlobal
